# This file is autogenerated, do not edit; changes may be undone by the next 'dep ensure'.


[[projects]]
  branch = "master"
  name = "golang.org/x/crypto"
  packages = ["acme","acme/autocert"]
  revision = "847319b7fc94cab682988f93da778204da164588"

[solve-meta]
  analyzer-name = "dep"
  analyzer-version = 1
  inputs-digest = "46f1afba4d3f1fbad0de1917c45e25b020122869163df72cf8a274f67994e625"
  solver-name = "gps-cdcl"
  solver-version = 1
